github.com/david-garcia-garcia/traefik-middleware-utilities v1.0.3 h1:UaJ/dR9xs0LwfgJYMai3MJWkZVDvCoK6Wt+jLWXFNyY=
github.com/david-garcia-garcia/traefik-middleware-utilities v1.0.3/go.mod h1:oQP+EKFW8Wa+iWd9VuHuqS/8jeMKZWs/jJr0O8WKfEQ=
github.com/leprosus/golang-ttl-map v1.1.7 h1:cF4AAFDDnJTFSV+/42sKLhmMluvLdRlCGS2UaifH6UM=
github.com/leprosus/golang-ttl-map v1.1.7/go.mod h1:4QWHJPeVBbrkhOhXdhCv9IEiyj/YzkO04/iexy4vSe0=
github.com/traefik/yaegi v0.16.1 h1:f1De3DVJqIDKmnasUF6MwmWv1dSEEat0wcpXhD2On3E=
github.com/traefik/yaegi v0.16.1/go.mod h1:4eVhbPb3LnD2VigQjhYbEJ69vDRFdT2HQNrXx8eEwUY=
